// !$*UTF8*$!
{
	archiveVersion = 1;
	classes = {
	};
	objectVersion = 46;
	objects = {

/* Begin PBXBuildFile section */
		0CBF5D7D8119A26FFEFD2BBD /* inspector.cpp in Sources */ = {isa = PBXBuildFile; fileRef = 85A106A597CAE357CBBBCCE5 /* inspector.cpp */; };
		F28E1163E3857F554F88FFA3 /* sciter-win-main.cpp in Sources */ = {isa = PBXBuildFile; fileRef = D29D708B6AEA563D993156CB /* sciter-win-main.cpp */; };
/* End PBXBuildFile section */

/* Begin PBXFileReference section */
		3DE5DBE7D809D119882FB227 /* dpi-aware.manifest */ = {isa = PBXFileReference; lastKnownFileType = text; name = "dpi-aware.manifest"; path = "../demos/inspector/win-res/dpi-aware.manifest"; sourceTree = "<group>"; };
		53BB665D32D8808F0EE1DC9D /* inspector.rc */ = {isa = PBXFileReference; lastKnownFileType = text; name = inspector.rc; path = "../demos/inspector/win-res/inspector.rc"; sourceTree = "<group>"; };
		85A106A597CAE357CBBBCCE5 /* inspector.cpp */ = {isa = PBXFileReference; lastKnownFileType = sourcecode.cpp.cpp; name = inspector.cpp; path = ../demos/inspector/inspector.cpp; sourceTree = "<group>"; };
		99141B50B026B682A042B190 /* inspector.exe */ = {isa = PBXFileReference; explicitFileType = wrapper.application; includeInIndex = 0; name = inspector.exe; path = inspector.exe; sourceTree = BUILT_PRODUCTS_DIR; };
		D29D708B6AEA563D993156CB /* sciter-win-main.cpp */ = {isa = PBXFileReference; lastKnownFileType = sourcecode.cpp.cpp; name = "sciter-win-main.cpp"; path = "../include/sciter-win-main.cpp"; sourceTree = "<group>"; };
/* End PBXFileReference section */

/* Begin PBXFrameworksBuildPhase section */
		ED5CE8C0F0CDBAF2723A5F00 /* Frameworks */ = {
			isa = PBXFrameworksBuildPhase;
			buildActionMask = 2147483647;
			files = (
			);
			runOnlyForDeploymentPostprocessing = 0;
		};
/* End PBXFrameworksBuildPhase section */

/* Begin PBXGroup section */
		5E8C725002DF100215175890 /* include */ = {
			isa = PBXGroup;
			children = (
				D29D708B6AEA563D993156CB /* sciter-win-main.cpp */,
			);
			name = include;
			sourceTree = "<group>";
		};
		765759B7F99CB72922E437F7 /* inspector */ = {
			isa = PBXGroup;
			children = (
				8A2CBBB8DA40506A5CBE81F8 /* demos */,
				5E8C725002DF100215175890 /* include */,
				A6C936B49B3FADE6EA134CF4 /* Products */,
			);
			name = inspector;
			sourceTree = "<group>";
		};
		8A2CBBB8DA40506A5CBE81F8 /* demos */ = {
			isa = PBXGroup;
			children = (
				9AAC797DE31D5DAF27BC2FBD /* inspector */,
			);
			name = demos;
			sourceTree = "<group>";
		};
		9AAC797DE31D5DAF27BC2FBD /* inspector */ = {
			isa = PBXGroup;
			children = (
				85A106A597CAE357CBBBCCE5 /* inspector.cpp */,
				FEFD9F7FC2696131010D05BF /* win-res */,
			);
			name = inspector;
			sourceTree = "<group>";
		};
		A6C936B49B3FADE6EA134CF4 /* Products */ = {
			isa = PBXGroup;
			children = (
				99141B50B026B682A042B190 /* inspector.exe */,
			);
			name = Products;
			sourceTree = "<group>";
		};
		FEFD9F7FC2696131010D05BF /* win-res */ = {
			isa = PBXGroup;
			children = (
				3DE5DBE7D809D119882FB227 /* dpi-aware.manifest */,
				53BB665D32D8808F0EE1DC9D /* inspector.rc */,
			);
			name = "win-res";
			sourceTree = "<group>";
		};
/* End PBXGroup section */

/* Begin PBXNativeTarget section */
		7B1DC9367BD0C628EFB29776 /* inspector */ = {
			isa = PBXNativeTarget;
			buildConfigurationList = DB98311FDF0903516075A75F /* Build configuration list for PBXNativeTarget "inspector" */;
			buildPhases = (
				9607AE1010C857E500CD1376 /* Prebuild */,
				5D44696060B53B92E221DFA0 /* Resources */,
				C6F182B7CA6254E94BCEF8F7 /* Sources */,
				ED5CE8C0F0CDBAF2723A5F00 /* Frameworks */,
			);
			buildRules = (
			);
			dependencies = (
			);
			name = inspector;
			productInstallPath = "$(HOME)/Applications";
			productName = inspector;
			productReference = 99141B50B026B682A042B190 /* inspector.exe */;
			productType = "com.apple.product-type.application";
		};
/* End PBXNativeTarget section */

/* Begin PBXProject section */
		08FB7793FE84155DC02AAC07 /* Project object */ = {
			isa = PBXProject;
			buildConfigurationList = 1DEB928908733DD80010E9CD /* Build configuration list for PBXProject "inspector" */;
			compatibilityVersion = "Xcode 3.2";
			hasScannedForEncodings = 1;
			mainGroup = 765759B7F99CB72922E437F7 /* inspector */;
			projectDirPath = "";
			projectRoot = "";
			targets = (
				7B1DC9367BD0C628EFB29776 /* inspector.exe */,
			);
		};
/* End PBXProject section */

/* Begin PBXResourcesBuildPhase section */
		5D44696060B53B92E221DFA0 /* Resources */ = {
			isa = PBXResourcesBuildPhase;
			buildActionMask = 2147483647;
			files = (
			);
			runOnlyForDeploymentPostprocessing = 0;
		};
/* End PBXResourcesBuildPhase section */

/* Begin PBXShellScriptBuildPhase section */
		9607AE1010C857E500CD1376 /* Prebuild */ = {
			isa = PBXShellScriptBuildPhase;
			buildActionMask = 2147483647;
			files = (
			);
			inputPaths = (
			);
			name = Prebuild;
			outputPaths = (
			);
			runOnlyForDeploymentPostprocessing = 0;
			shellPath = /bin/sh;
			shellScript = "set -e\n...\\bin.win\\packfolder.exe ...\\demos\\inspector\\res ...\\demos\\inspector\\resources.cpp -v \"resources\"";
		};
/* End PBXShellScriptBuildPhase section */

/* Begin PBXSourcesBuildPhase section */
		C6F182B7CA6254E94BCEF8F7 /* Sources */ = {
			isa = PBXSourcesBuildPhase;
			buildActionMask = 2147483647;
			files = (
				0CBF5D7D8119A26FFEFD2BBD /* inspector.cpp in Sources */,
				F28E1163E3857F554F88FFA3 /* sciter-win-main.cpp in Sources */,
			);
			runOnlyForDeploymentPostprocessing = 0;
		};
/* End PBXSourcesBuildPhase section */

/* Begin PBXVariantGroup section */
/* End PBXVariantGroup section */

/* Begin XCBuildConfiguration section */
		14AFEC65367B99977330C2A5 /* Debug */ = {
			isa = XCBuildConfiguration;
			buildSettings = {
				ALWAYS_SEARCH_USER_PATHS = NO;
				CONFIGURATION_BUILD_DIR = ../bin.win/arm64;
				DEBUG_INFORMATION_FORMAT = "dwarf-with-dsym";
				GCC_DYNAMIC_NO_PIC = NO;
				INSTALL_PATH = "\"$(HOME)/Applications\"";
				PRODUCT_NAME = inspector;
				WRAPPER_EXTENSION = exe;
			};
			name = Debug;
		};
		471FB49F0A8B7651492F1ADF /* Release */ = {
			isa = XCBuildConfiguration;
			buildSettings = {
				ALWAYS_SEARCH_USER_PATHS = NO;
				CONFIGURATION_BUILD_DIR = ../bin.win/arm64;
				GCC_DYNAMIC_NO_PIC = NO;
				INSTALL_PATH = "\"$(HOME)/Applications\"";
				PRODUCT_NAME = inspector;
				WRAPPER_EXTENSION = exe;
			};
			name = Release;
		};
		CF56A82673A945D885E18E66 /* Debug */ = {
			isa = XCBuildConfiguration;
			buildSettings = {
				CLANG_CXX_LANGUAGE_STANDARD = "c++14";
				CONFIGURATION_BUILD_DIR = "$(SYMROOT)";
				CONFIGURATION_TEMP_DIR = "$(OBJROOT)";
				COPY_PHASE_STRIP = NO;
				GCC_ENABLE_FIX_AND_CONTINUE = YES;
				GCC_OPTIMIZATION_LEVEL = 0;
				GCC_PREPROCESSOR_DEFINITIONS = (
					"DEVICE=DESKTOP",
					WIN32,
					WIN64,
					ARM64,
					DEBUG,
					_DEBUG,
					_CRT_SECURE_NO_WARNINGS,
				);
				GCC_SYMBOLS_PRIVATE_EXTERN = NO;
				GCC_WARN_ABOUT_RETURN_TYPE = YES;
				GCC_WARN_UNUSED_VARIABLE = YES;
				OBJROOT = obj/arm64/Debug/inspector;
				ONLY_ACTIVE_ARCH = YES;
				OTHER_LDFLAGS = (
					"-lshell32",
					"-ladvapi32",
					"-lole32",
					"-loleaut32",
					"-lcomdlg32",
				);
				SYMROOT = ../bin.win/arm64;
				USER_HEADER_SEARCH_PATHS = (
					../include,
				);
			};
			name = Debug;
		};
		F40923E0F779F61278E69A20 /* Release */ = {
			isa = XCBuildConfiguration;
			buildSettings = {
				CLANG_CXX_LANGUAGE_STANDARD = "c++14";
				CONFIGURATION_BUILD_DIR = "$(SYMROOT)";
				CONFIGURATION_TEMP_DIR = "$(OBJROOT)";
				GCC_OPTIMIZATION_LEVEL = s;
				GCC_PREPROCESSOR_DEFINITIONS = (
					"DEVICE=DESKTOP",
					WIN32,
					WIN64,
					ARM64,
					NDEBUG,
					_CRT_SECURE_NO_WARNINGS,
				);
				GCC_SYMBOLS_PRIVATE_EXTERN = NO;
				GCC_WARN_ABOUT_RETURN_TYPE = YES;
				GCC_WARN_UNUSED_VARIABLE = YES;
				OBJROOT = obj/arm64/Release/inspector;
				ONLY_ACTIVE_ARCH = NO;
				OTHER_LDFLAGS = (
					"-lshell32",
					"-ladvapi32",
					"-lole32",
					"-loleaut32",
					"-lcomdlg32",
				);
				SYMROOT = ../bin.win/arm64;
				USER_HEADER_SEARCH_PATHS = (
					../include,
				);
			};
			name = Release;
		};
/* End XCBuildConfiguration section */

/* Begin XCConfigurationList section */
		1DEB928908733DD80010E9CD /* Build configuration list for PBXProject "inspector" */ = {
			isa = XCConfigurationList;
			buildConfigurations = (
				CF56A82673A945D885E18E66 /* Debug */,
				CF56A82673A945D885E18E66 /* Debug */,
				F40923E0F779F61278E69A20 /* Release */,
				F40923E0F779F61278E69A20 /* Release */,
			);
			defaultConfigurationIsVisible = 0;
			defaultConfigurationName = Debug;
		};
		DB98311FDF0903516075A75F /* Build configuration list for PBXNativeTarget "inspector.exe" */ = {
			isa = XCConfigurationList;
			buildConfigurations = (
				14AFEC65367B99977330C2A5 /* Debug */,
				14AFEC65367B99977330C2A5 /* Debug */,
				471FB49F0A8B7651492F1ADF /* Release */,
				471FB49F0A8B7651492F1ADF /* Release */,
			);
			defaultConfigurationIsVisible = 0;
			defaultConfigurationName = Debug;
		};
/* End XCConfigurationList section */
};
rootObject = 08FB7793FE84155DC02AAC07 /* Project object */;
}