// !$*UTF8*$!
{
	archiveVersion = 1;
	classes = {
	};
	objectVersion = 46;
	objects = {

/* Begin PBXBuildFile section */
		4964F3D51A0B0D2000F1A056 /* AppDelegate.m in Sources */ = {isa = PBXBuildFile; fileRef = 4964F3D41A0B0D2000F1A056 /* AppDelegate.m */; };
		4964F3D91A0B0D2000F1A056 /* Images.xcassets in Resources */ = {isa = PBXBuildFile; fileRef = 4964F3D81A0B0D2000F1A056 /* Images.xcassets */; };
		4964F3DC1A0B0D2000F1A056 /* MainMenu.xib in Resources */ = {isa = PBXBuildFile; fileRef = 4964F3DA1A0B0D2000F1A056 /* MainMenu.xib */; };
		49AC34061A0B17B00088A987 /* sciter-osx-main.mm in Sources */ = {isa = PBXBuildFile; fileRef = 49AC34051A0B17B00088A987 /* sciter-osx-main.mm */; };
		49AC34081A0B181F0088A987 /* uminimal.cpp in Sources */ = {isa = PBXBuildFile; fileRef = 49AC34071A0B181F0088A987 /* uminimal.cpp */; };
/* End PBXBuildFile section */

/* Begin PBXFileReference section */
		4964F3CE1A0B0D2000F1A056 /* uminimal.app */ = {isa = PBXFileReference; explicitFileType = wrapper.application; includeInIndex = 0; path = uminimal.app; sourceTree = BUILT_PRODUCTS_DIR; };
		4964F3D21A0B0D2000F1A056 /* Info.plist */ = {isa = PBXFileReference; lastKnownFileType = text.plist.xml; path = Info.plist; sourceTree = "<group>"; };
		4964F3D31A0B0D2000F1A056 /* AppDelegate.h */ = {isa = PBXFileReference; lastKnownFileType = sourcecode.c.h; path = AppDelegate.h; sourceTree = "<group>"; };
		4964F3D41A0B0D2000F1A056 /* AppDelegate.m */ = {isa = PBXFileReference; lastKnownFileType = sourcecode.c.objc; path = AppDelegate.m; sourceTree = "<group>"; };
		4964F3D81A0B0D2000F1A056 /* Images.xcassets */ = {isa = PBXFileReference; lastKnownFileType = folder.assetcatalog; path = Images.xcassets; sourceTree = "<group>"; };
		4964F3DB1A0B0D2000F1A056 /* Base */ = {isa = PBXFileReference; lastKnownFileType = file.xib; name = Base; path = Base.lproj/MainMenu.xib; sourceTree = "<group>"; };
		49AC34051A0B17B00088A987 /* sciter-osx-main.mm */ = {isa = PBXFileReference; fileEncoding = 4; lastKnownFileType = sourcecode.cpp.objcpp; name = "sciter-osx-main.mm"; path = "../../../include/sciter-osx-main.mm"; sourceTree = "<group>"; };
		49AC34071A0B181F0088A987 /* uminimal.cpp */ = {isa = PBXFileReference; fileEncoding = 4; lastKnownFileType = sourcecode.cpp.cpp; path = uminimal.cpp; sourceTree = "<group>"; };
/* End PBXFileReference section */

/* Begin PBXFrameworksBuildPhase section */
		4964F3CB1A0B0D2000F1A056 /* Frameworks */ = {
			isa = PBXFrameworksBuildPhase;
			buildActionMask = 2147483647;
			files = (
			);
			runOnlyForDeploymentPostprocessing = 0;
		};
/* End PBXFrameworksBuildPhase section */

/* Begin PBXGroup section */
		4964F3C51A0B0D2000F1A056 = {
			isa = PBXGroup;
			children = (
				49AC34071A0B181F0088A987 /* uminimal.cpp */,
				4964F3D01A0B0D2000F1A056 /* uminimal */,
				4964F3CF1A0B0D2000F1A056 /* Products */,
			);
			sourceTree = "<group>";
		};
		4964F3CF1A0B0D2000F1A056 /* Products */ = {
			isa = PBXGroup;
			children = (
				4964F3CE1A0B0D2000F1A056 /* uminimal.app */,
			);
			name = Products;
			sourceTree = "<group>";
		};
		4964F3D01A0B0D2000F1A056 /* uminimal */ = {
			isa = PBXGroup;
			children = (
				49AC34051A0B17B00088A987 /* sciter-osx-main.mm */,
				4964F3D31A0B0D2000F1A056 /* AppDelegate.h */,
				4964F3D41A0B0D2000F1A056 /* AppDelegate.m */,
				4964F3D81A0B0D2000F1A056 /* Images.xcassets */,
				4964F3DA1A0B0D2000F1A056 /* MainMenu.xib */,
				4964F3D11A0B0D2000F1A056 /* Supporting Files */,
			);
			path = uminimal;
			sourceTree = "<group>";
		};
		4964F3D11A0B0D2000F1A056 /* Supporting Files */ = {
			isa = PBXGroup;
			children = (
				4964F3D21A0B0D2000F1A056 /* Info.plist */,
			);
			name = "Supporting Files";
			sourceTree = "<group>";
		};
/* End PBXGroup section */

/* Begin PBXNativeTarget section */
		4964F3CD1A0B0D2000F1A056 /* uminimal */ = {
			isa = PBXNativeTarget;
			buildConfigurationList = 4964F3EB1A0B0D2000F1A056 /* Build configuration list for PBXNativeTarget "uminimal" */;
			buildPhases = (
				4964F3CA1A0B0D2000F1A056 /* Sources */,
				4964F3CB1A0B0D2000F1A056 /* Frameworks */,
				4964F3CC1A0B0D2000F1A056 /* Resources */,
			);
			buildRules = (
			);
			dependencies = (
			);
			name = uminimal;
			productName = uminimal;
			productReference = 4964F3CE1A0B0D2000F1A056 /* uminimal.app */;
			productType = "com.apple.product-type.application";
		};
/* End PBXNativeTarget section */

/* Begin PBXProject section */
		4964F3C61A0B0D2000F1A056 /* Project object */ = {
			isa = PBXProject;
			attributes = {
				LastUpgradeCheck = 0610;
				ORGANIZATIONNAME = "Andrew Fedoniouk";
				TargetAttributes = {
					4964F3CD1A0B0D2000F1A056 = {
						CreatedOnToolsVersion = 6.1;
					};
				};
			};
			buildConfigurationList = 4964F3C91A0B0D2000F1A056 /* Build configuration list for PBXProject "uminimal" */;
			compatibilityVersion = "Xcode 3.2";
			developmentRegion = English;
			hasScannedForEncodings = 0;
			knownRegions = (
				en,
				Base,
			);
			mainGroup = 4964F3C51A0B0D2000F1A056;
			productRefGroup = 4964F3CF1A0B0D2000F1A056 /* Products */;
			projectDirPath = "";
			projectRoot = "";
			targets = (
				4964F3CD1A0B0D2000F1A056 /* uminimal */,
			);
		};
/* End PBXProject section */

/* Begin PBXResourcesBuildPhase section */
		4964F3CC1A0B0D2000F1A056 /* Resources */ = {
			isa = PBXResourcesBuildPhase;
			buildActionMask = 2147483647;
			files = (
				4964F3D91A0B0D2000F1A056 /* Images.xcassets in Resources */,
				4964F3DC1A0B0D2000F1A056 /* MainMenu.xib in Resources */,
			);
			runOnlyForDeploymentPostprocessing = 0;
		};
/* End PBXResourcesBuildPhase section */

/* Begin PBXSourcesBuildPhase section */
		4964F3CA1A0B0D2000F1A056 /* Sources */ = {
			isa = PBXSourcesBuildPhase;
			buildActionMask = 2147483647;
			files = (
				49AC34081A0B181F0088A987 /* uminimal.cpp in Sources */,
				4964F3D51A0B0D2000F1A056 /* AppDelegate.m in Sources */,
				49AC34061A0B17B00088A987 /* sciter-osx-main.mm in Sources */,
			);
			runOnlyForDeploymentPostprocessing = 0;
		};
/* End PBXSourcesBuildPhase section */

/* Begin PBXVariantGroup section */
		4964F3DA1A0B0D2000F1A056 /* MainMenu.xib */ = {
			isa = PBXVariantGroup;
			children = (
				4964F3DB1A0B0D2000F1A056 /* Base */,
			);
			name = MainMenu.xib;
			sourceTree = "<group>";
		};
/* End PBXVariantGroup section */

/* Begin XCBuildConfiguration section */
		4964F3E91A0B0D2000F1A056 /* Debug */ = {
			isa = XCBuildConfiguration;
			buildSettings = {
				ALWAYS_SEARCH_USER_PATHS = NO;
				CLANG_CXX_LANGUAGE_STANDARD = "gnu++0x";
				CLANG_CXX_LIBRARY = "libc++";
				CLANG_ENABLE_MODULES = YES;
				CLANG_ENABLE_OBJC_ARC = YES;
				CLANG_WARN_BOOL_CONVERSION = YES;
				CLANG_WARN_CONSTANT_CONVERSION = YES;
				CLANG_WARN_DIRECT_OBJC_ISA_USAGE = YES_ERROR;
				CLANG_WARN_EMPTY_BODY = YES;
				CLANG_WARN_ENUM_CONVERSION = YES;
				CLANG_WARN_INT_CONVERSION = YES;
				CLANG_WARN_OBJC_ROOT_CLASS = YES_ERROR;
				CLANG_WARN_UNREACHABLE_CODE = YES;
				CLANG_WARN__DUPLICATE_METHOD_MATCH = YES;
				CODE_SIGN_IDENTITY = "-";
				COPY_PHASE_STRIP = NO;
				ENABLE_STRICT_OBJC_MSGSEND = YES;
				GCC_C_LANGUAGE_STANDARD = gnu99;
				GCC_DYNAMIC_NO_PIC = NO;
				GCC_OPTIMIZATION_LEVEL = 0;
				GCC_PREPROCESSOR_DEFINITIONS = (
					"DEBUG=1",
					"$(inherited)",
				);
				GCC_SYMBOLS_PRIVATE_EXTERN = NO;
				GCC_WARN_64_TO_32_BIT_CONVERSION = YES;
				GCC_WARN_ABOUT_RETURN_TYPE = YES_ERROR;
				GCC_WARN_UNDECLARED_SELECTOR = YES;
				GCC_WARN_UNINITIALIZED_AUTOS = YES_AGGRESSIVE;
				GCC_WARN_UNUSED_FUNCTION = YES;
				GCC_WARN_UNUSED_VARIABLE = YES;
				MACOSX_DEPLOYMENT_TARGET = 10.10;
				MTL_ENABLE_DEBUG_INFO = YES;
				ONLY_ACTIVE_ARCH = YES;
				SDKROOT = macosx;
			};
			name = Debug;
		};
		4964F3EA1A0B0D2000F1A056 /* Release */ = {
			isa = XCBuildConfiguration;
			buildSettings = {
				ALWAYS_SEARCH_USER_PATHS = NO;
				CLANG_CXX_LANGUAGE_STANDARD = "gnu++0x";
				CLANG_CXX_LIBRARY = "libc++";
				CLANG_ENABLE_MODULES = YES;
				CLANG_ENABLE_OBJC_ARC = YES;
				CLANG_WARN_BOOL_CONVERSION = YES;
				CLANG_WARN_CONSTANT_CONVERSION = YES;
				CLANG_WARN_DIRECT_OBJC_ISA_USAGE = YES_ERROR;
				CLANG_WARN_EMPTY_BODY = YES;
				CLANG_WARN_ENUM_CONVERSION = YES;
				CLANG_WARN_INT_CONVERSION = YES;
				CLANG_WARN_OBJC_ROOT_CLASS = YES_ERROR;
				CLANG_WARN_UNREACHABLE_CODE = YES;
				CLANG_WARN__DUPLICATE_METHOD_MATCH = YES;
				CODE_SIGN_IDENTITY = "-";
				COPY_PHASE_STRIP = YES;
				DEBUG_INFORMATION_FORMAT = "dwarf-with-dsym";
				ENABLE_NS_ASSERTIONS = NO;
				ENABLE_STRICT_OBJC_MSGSEND = YES;
				GCC_C_LANGUAGE_STANDARD = gnu99;
				GCC_WARN_64_TO_32_BIT_CONVERSION = YES;
				GCC_WARN_ABOUT_RETURN_TYPE = YES_ERROR;
				GCC_WARN_UNDECLARED_SELECTOR = YES;
				GCC_WARN_UNINITIALIZED_AUTOS = YES_AGGRESSIVE;
				GCC_WARN_UNUSED_FUNCTION = YES;
				GCC_WARN_UNUSED_VARIABLE = YES;
				MACOSX_DEPLOYMENT_TARGET = 10.10;
				MTL_ENABLE_DEBUG_INFO = NO;
				SDKROOT = macosx;
			};
			name = Release;
		};
		4964F3EC1A0B0D2000F1A056 /* Debug */ = {
			isa = XCBuildConfiguration;
			buildSettings = {
				ASSETCATALOG_COMPILER_APPICON_NAME = AppIcon;
				CLANG_ENABLE_OBJC_ARC = YES;
				CLANG_WARN__ARC_BRIDGE_CAST_NONARC = YES;
				CODE_SIGN_IDENTITY = "";
				COMBINE_HIDPI_IMAGES = YES;
				CONFIGURATION_BUILD_DIR = "$(SRCROOT)/../../bin.osx";
				HEADER_SEARCH_PATHS = (
					"$(inherited)",
					/Applications/Xcode.app/Contents/Developer/Toolchains/XcodeDefault.xctoolchain/usr/include,
					"$(SRCROOT)/../../include",
				);
				INFOPLIST_FILE = uminimal/Info.plist;
				LD_RUNPATH_SEARCH_PATHS = "$(inherited) @executable_path/../Frameworks";
				PRODUCT_NAME = "$(TARGET_NAME)";
			};
			name = Debug;
		};
		4964F3ED1A0B0D2000F1A056 /* Release */ = {
			isa = XCBuildConfiguration;
			buildSettings = {
				ASSETCATALOG_COMPILER_APPICON_NAME = AppIcon;
				CLANG_ENABLE_OBJC_ARC = YES;
				CLANG_WARN__ARC_BRIDGE_CAST_NONARC = YES;
				CODE_SIGN_IDENTITY = "";
				COMBINE_HIDPI_IMAGES = YES;
				CONFIGURATION_BUILD_DIR = "$(SRCROOT)/../../bin.osx";
				HEADER_SEARCH_PATHS = (
					"$(inherited)",
					/Applications/Xcode.app/Contents/Developer/Toolchains/XcodeDefault.xctoolchain/usr/include,
					"$(SRCROOT)/../../include",
				);
				INFOPLIST_FILE = uminimal/Info.plist;
				LD_RUNPATH_SEARCH_PATHS = "$(inherited) @executable_path/../Frameworks";
				PRODUCT_NAME = "$(TARGET_NAME)";
			};
			name = Release;
		};
/* End XCBuildConfiguration section */

/* Begin XCConfigurationList section */
		4964F3C91A0B0D2000F1A056 /* Build configuration list for PBXProject "uminimal" */ = {
			isa = XCConfigurationList;
			buildConfigurations = (
				4964F3E91A0B0D2000F1A056 /* Debug */,
				4964F3EA1A0B0D2000F1A056 /* Release */,
			);
			defaultConfigurationIsVisible = 0;
			defaultConfigurationName = Release;
		};
		4964F3EB1A0B0D2000F1A056 /* Build configuration list for PBXNativeTarget "uminimal" */ = {
			isa = XCConfigurationList;
			buildConfigurations = (
				4964F3EC1A0B0D2000F1A056 /* Debug */,
				4964F3ED1A0B0D2000F1A056 /* Release */,
			);
			defaultConfigurationIsVisible = 0;
			defaultConfigurationName = Release;
		};
/* End XCConfigurationList section */
	};
	rootObject = 4964F3C61A0B0D2000F1A056 /* Project object */;
}
