// !$*UTF8*$!
{
	archiveVersion = 1;
	classes = {
	};
	objectVersion = 46;
	objects = {

/* Begin PBXBuildFile section */
		D7D3AD89B6F0C7BB92FA23C9 /* ulayered.cpp in Sources */ = {isa = PBXBuildFile; fileRef = 4286B831D51482233DED2671 /* ulayered.cpp */; };
		F28E1163E3857F554F88FFA3 /* sciter-win-main.cpp in Sources */ = {isa = PBXBuildFile; fileRef = D29D708B6AEA563D993156CB /* sciter-win-main.cpp */; };
/* End PBXBuildFile section */

/* Begin PBXFileReference section */
		02AB54D4035E51C677402314 /* ulayered.exe */ = {isa = PBXFileReference; explicitFileType = wrapper.application; includeInIndex = 0; name = ulayered.exe; path = ulayered.exe; sourceTree = BUILT_PRODUCTS_DIR; };
		4286B831D51482233DED2671 /* ulayered.cpp */ = {isa = PBXFileReference; lastKnownFileType = sourcecode.cpp.cpp; name = ulayered.cpp; path = ../demos/ulayered/ulayered.cpp; sourceTree = "<group>"; };
		D29D708B6AEA563D993156CB /* sciter-win-main.cpp */ = {isa = PBXFileReference; lastKnownFileType = sourcecode.cpp.cpp; name = "sciter-win-main.cpp"; path = "../include/sciter-win-main.cpp"; sourceTree = "<group>"; };
/* End PBXFileReference section */

/* Begin PBXFrameworksBuildPhase section */
		FDEC00442C92543685D3AE84 /* Frameworks */ = {
			isa = PBXFrameworksBuildPhase;
			buildActionMask = 2147483647;
			files = (
			);
			runOnlyForDeploymentPostprocessing = 0;
		};
/* End PBXFrameworksBuildPhase section */

/* Begin PBXGroup section */
		5E8C725002DF100215175890 /* include */ = {
			isa = PBXGroup;
			children = (
				D29D708B6AEA563D993156CB /* sciter-win-main.cpp */,
			);
			name = include;
			sourceTree = "<group>";
		};
		89EA3BBB7E60B2EDCD3451FB /* ulayered */ = {
			isa = PBXGroup;
			children = (
				8A2CBBB8DA40506A5CBE81F8 /* demos */,
				5E8C725002DF100215175890 /* include */,
				A6C936B49B3FADE6EA134CF4 /* Products */,
			);
			name = ulayered;
			sourceTree = "<group>";
		};
		8A2CBBB8DA40506A5CBE81F8 /* demos */ = {
			isa = PBXGroup;
			children = (
				8E5875C5B47EA5771B859C05 /* ulayered */,
			);
			name = demos;
			sourceTree = "<group>";
		};
		8E5875C5B47EA5771B859C05 /* ulayered */ = {
			isa = PBXGroup;
			children = (
				4286B831D51482233DED2671 /* ulayered.cpp */,
			);
			name = ulayered;
			sourceTree = "<group>";
		};
		A6C936B49B3FADE6EA134CF4 /* Products */ = {
			isa = PBXGroup;
			children = (
				02AB54D4035E51C677402314 /* ulayered.exe */,
			);
			name = Products;
			sourceTree = "<group>";
		};
/* End PBXGroup section */

/* Begin PBXNativeTarget section */
		0231E23AA52008EC3445E87A /* ulayered */ = {
			isa = PBXNativeTarget;
			buildConfigurationList = EC2748A31ACD9C95740EF6E3 /* Build configuration list for PBXNativeTarget "ulayered" */;
			buildPhases = (
				6DD380E49C79D4D6F5BB2F24 /* Resources */,
				D7809A3B0626EE2D5F68487B /* Sources */,
				FDEC00442C92543685D3AE84 /* Frameworks */,
			);
			buildRules = (
			);
			dependencies = (
			);
			name = ulayered;
			productInstallPath = "$(HOME)/Applications";
			productName = ulayered;
			productReference = 02AB54D4035E51C677402314 /* ulayered.exe */;
			productType = "com.apple.product-type.application";
		};
/* End PBXNativeTarget section */

/* Begin PBXProject section */
		08FB7793FE84155DC02AAC07 /* Project object */ = {
			isa = PBXProject;
			buildConfigurationList = 1DEB928908733DD80010E9CD /* Build configuration list for PBXProject "ulayered" */;
			compatibilityVersion = "Xcode 3.2";
			hasScannedForEncodings = 1;
			mainGroup = 89EA3BBB7E60B2EDCD3451FB /* ulayered */;
			projectDirPath = "";
			projectRoot = "";
			targets = (
				0231E23AA52008EC3445E87A /* ulayered.exe */,
			);
		};
/* End PBXProject section */

/* Begin PBXResourcesBuildPhase section */
		6DD380E49C79D4D6F5BB2F24 /* Resources */ = {
			isa = PBXResourcesBuildPhase;
			buildActionMask = 2147483647;
			files = (
			);
			runOnlyForDeploymentPostprocessing = 0;
		};
/* End PBXResourcesBuildPhase section */

/* Begin PBXSourcesBuildPhase section */
		D7809A3B0626EE2D5F68487B /* Sources */ = {
			isa = PBXSourcesBuildPhase;
			buildActionMask = 2147483647;
			files = (
				D7D3AD89B6F0C7BB92FA23C9 /* ulayered.cpp in Sources */,
				F28E1163E3857F554F88FFA3 /* sciter-win-main.cpp in Sources */,
			);
			runOnlyForDeploymentPostprocessing = 0;
		};
/* End PBXSourcesBuildPhase section */

/* Begin PBXVariantGroup section */
/* End PBXVariantGroup section */

/* Begin XCBuildConfiguration section */
		04983B64333E8F568C7FE9A4 /* Release */ = {
			isa = XCBuildConfiguration;
			buildSettings = {
				CLANG_CXX_LANGUAGE_STANDARD = "c++14";
				CONFIGURATION_BUILD_DIR = "$(SYMROOT)";
				CONFIGURATION_TEMP_DIR = "$(OBJROOT)";
				GCC_OPTIMIZATION_LEVEL = s;
				GCC_PREPROCESSOR_DEFINITIONS = (
					"DEVICE=DESKTOP",
					WIN32,
					NDEBUG,
					_CRT_SECURE_NO_WARNINGS,
				);
				GCC_SYMBOLS_PRIVATE_EXTERN = NO;
				GCC_WARN_ABOUT_RETURN_TYPE = YES;
				GCC_WARN_UNUSED_VARIABLE = YES;
				OBJROOT = obj/x32/Release/ulayered;
				ONLY_ACTIVE_ARCH = NO;
				OTHER_LDFLAGS = (
					"-lshell32",
					"-ladvapi32",
					"-lole32",
					"-loleaut32",
					"-lcomdlg32",
				);
				SYMROOT = ../bin.win/x32;
				USER_HEADER_SEARCH_PATHS = (
					../include,
				);
			};
			name = Release;
		};
		419FA3239CE0F695703B4163 /* Release */ = {
			isa = XCBuildConfiguration;
			buildSettings = {
				ALWAYS_SEARCH_USER_PATHS = NO;
				CONFIGURATION_BUILD_DIR = ../bin.win/x32;
				GCC_DYNAMIC_NO_PIC = NO;
				INSTALL_PATH = "\"$(HOME)/Applications\"";
				PRODUCT_NAME = ulayered;
				WRAPPER_EXTENSION = exe;
			};
			name = Release;
		};
		6B720EAA782EBE1CED192CEA /* Debug */ = {
			isa = XCBuildConfiguration;
			buildSettings = {
				CLANG_CXX_LANGUAGE_STANDARD = "c++14";
				CONFIGURATION_BUILD_DIR = "$(SYMROOT)";
				CONFIGURATION_TEMP_DIR = "$(OBJROOT)";
				COPY_PHASE_STRIP = NO;
				GCC_ENABLE_FIX_AND_CONTINUE = YES;
				GCC_OPTIMIZATION_LEVEL = 0;
				GCC_PREPROCESSOR_DEFINITIONS = (
					"DEVICE=DESKTOP",
					WIN32,
					DEBUG,
					_DEBUG,
					_CRT_SECURE_NO_WARNINGS,
				);
				GCC_SYMBOLS_PRIVATE_EXTERN = NO;
				GCC_WARN_ABOUT_RETURN_TYPE = YES;
				GCC_WARN_UNUSED_VARIABLE = YES;
				OBJROOT = obj/x32/Debug/ulayered;
				ONLY_ACTIVE_ARCH = YES;
				OTHER_LDFLAGS = (
					"-lshell32",
					"-ladvapi32",
					"-lole32",
					"-loleaut32",
					"-lcomdlg32",
				);
				SYMROOT = ../bin.win/x32;
				USER_HEADER_SEARCH_PATHS = (
					../include,
				);
			};
			name = Debug;
		};
		EA9A69E91A2C38DBF5397829 /* Debug */ = {
			isa = XCBuildConfiguration;
			buildSettings = {
				ALWAYS_SEARCH_USER_PATHS = NO;
				CONFIGURATION_BUILD_DIR = ../bin.win/x32;
				DEBUG_INFORMATION_FORMAT = "dwarf-with-dsym";
				GCC_DYNAMIC_NO_PIC = NO;
				INSTALL_PATH = "\"$(HOME)/Applications\"";
				PRODUCT_NAME = ulayered;
				WRAPPER_EXTENSION = exe;
			};
			name = Debug;
		};
/* End XCBuildConfiguration section */

/* Begin XCConfigurationList section */
		1DEB928908733DD80010E9CD /* Build configuration list for PBXProject "ulayered" */ = {
			isa = XCConfigurationList;
			buildConfigurations = (
				6B720EAA782EBE1CED192CEA /* Debug */,
				04983B64333E8F568C7FE9A4 /* Release */,
			);
			defaultConfigurationIsVisible = 0;
			defaultConfigurationName = Debug;
		};
		EC2748A31ACD9C95740EF6E3 /* Build configuration list for PBXNativeTarget "ulayered.exe" */ = {
			isa = XCConfigurationList;
			buildConfigurations = (
				EA9A69E91A2C38DBF5397829 /* Debug */,
				419FA3239CE0F695703B4163 /* Release */,
			);
			defaultConfigurationIsVisible = 0;
			defaultConfigurationName = Debug;
		};
/* End XCConfigurationList section */
};
rootObject = 08FB7793FE84155DC02AAC07 /* Project object */;
}