// !$*UTF8*$!
{
	archiveVersion = 1;
	classes = {
	};
	objectVersion = 46;
	objects = {

/* Begin PBXBuildFile section */
		28A49F54800A124632182D94 /* sciter-sqlite.cpp in Sources */ = {isa = PBXBuildFile; fileRef = D842D43C0A3C1EEE841B5A7C /* sciter-sqlite.cpp */; };
		315B2E34A27DCF2658447C74 /* sqlite-wrap.c in Sources */ = {isa = PBXBuildFile; fileRef = 43B9811C6BF439CE538FC75C /* sqlite-wrap.c */; };
		41B0B39A0471140C61A5F1DA /* sciter-sqlite-db.cpp in Sources */ = {isa = PBXBuildFile; fileRef = AEAF3A2292F6425416E37062 /* sciter-sqlite-db.cpp */; };
		F218ED38B4D94DAA120E2B78 /* sciter-sqlite-rs.cpp in Sources */ = {isa = PBXBuildFile; fileRef = DADE68E0BF25711243129F20 /* sciter-sqlite-rs.cpp */; };
/* End PBXBuildFile section */

/* Begin PBXFileReference section */
		43B9811C6BF439CE538FC75C /* sqlite-wrap.c */ = {isa = PBXFileReference; lastKnownFileType = sourcecode.c.c; name = "sqlite-wrap.c"; path = "../sqlite/sqlite-wrap.c"; sourceTree = "<group>"; };
		4E448CFC96B5712EDB54433C /* sciter-sqlite.dll */ = {isa = PBXFileReference; explicitFileType = "compiled.mach-o.dylib"; includeInIndex = 0; name = "sciter-sqlite.dll"; path = "sciter-sqlite.dll"; sourceTree = BUILT_PRODUCTS_DIR; };
		5DCC95E6213857985FDBFC26 /* sciter-sqlite.h */ = {isa = PBXFileReference; lastKnownFileType = sourcecode.c.h; name = "sciter-sqlite.h"; path = "../sqlite/sciter-sqlite.h"; sourceTree = "<group>"; };
		79E695DE1CD4BC90ABFA9C1E /* sqlite3.h */ = {isa = PBXFileReference; lastKnownFileType = sourcecode.c.h; name = sqlite3.h; path = ../sqlite/sqlite3.h; sourceTree = "<group>"; };
		8103DF60C974C3920E1395A0 /* sqlite3ext.h */ = {isa = PBXFileReference; lastKnownFileType = sourcecode.c.h; name = sqlite3ext.h; path = ../sqlite/sqlite3ext.h; sourceTree = "<group>"; };
		817170C6A9AC29789147B706 /* sqlite-wrap.h */ = {isa = PBXFileReference; lastKnownFileType = sourcecode.c.h; name = "sqlite-wrap.h"; path = "../sqlite/sqlite-wrap.h"; sourceTree = "<group>"; };
		AEAF3A2292F6425416E37062 /* sciter-sqlite-db.cpp */ = {isa = PBXFileReference; lastKnownFileType = sourcecode.cpp.cpp; name = "sciter-sqlite-db.cpp"; path = "../sqlite/sciter-sqlite-db.cpp"; sourceTree = "<group>"; };
		D842D43C0A3C1EEE841B5A7C /* sciter-sqlite.cpp */ = {isa = PBXFileReference; lastKnownFileType = sourcecode.cpp.cpp; name = "sciter-sqlite.cpp"; path = "../sqlite/sciter-sqlite.cpp"; sourceTree = "<group>"; };
		DADE68E0BF25711243129F20 /* sciter-sqlite-rs.cpp */ = {isa = PBXFileReference; lastKnownFileType = sourcecode.cpp.cpp; name = "sciter-sqlite-rs.cpp"; path = "../sqlite/sciter-sqlite-rs.cpp"; sourceTree = "<group>"; };
		DFEC5D5411E5A8068BC4E394 /* sciter-sqlite.def */ = {isa = PBXFileReference; lastKnownFileType = text; name = "sciter-sqlite.def"; path = "../sqlite/sciter-sqlite.def"; sourceTree = "<group>"; };
/* End PBXFileReference section */

/* Begin PBXFrameworksBuildPhase section */
		939F646CAAB1FF9E9ACDFAAC /* Frameworks */ = {
			isa = PBXFrameworksBuildPhase;
			buildActionMask = 2147483647;
			files = (
			);
			runOnlyForDeploymentPostprocessing = 0;
		};
/* End PBXFrameworksBuildPhase section */

/* Begin PBXGroup section */
		A6C936B49B3FADE6EA134CF4 /* Products */ = {
			isa = PBXGroup;
			children = (
				4E448CFC96B5712EDB54433C /* sciter-sqlite.dll */,
			);
			name = Products;
			sourceTree = "<group>";
		};
		EC652EA9251FF51BB4B72CE9 /* sciter-sqlite */ = {
			isa = PBXGroup;
			children = (
				AEAF3A2292F6425416E37062 /* sciter-sqlite-db.cpp */,
				DADE68E0BF25711243129F20 /* sciter-sqlite-rs.cpp */,
				D842D43C0A3C1EEE841B5A7C /* sciter-sqlite.cpp */,
				DFEC5D5411E5A8068BC4E394 /* sciter-sqlite.def */,
				5DCC95E6213857985FDBFC26 /* sciter-sqlite.h */,
				43B9811C6BF439CE538FC75C /* sqlite-wrap.c */,
				817170C6A9AC29789147B706 /* sqlite-wrap.h */,
				79E695DE1CD4BC90ABFA9C1E /* sqlite3.h */,
				8103DF60C974C3920E1395A0 /* sqlite3ext.h */,
				A6C936B49B3FADE6EA134CF4 /* Products */,
			);
			name = "sciter-sqlite";
			sourceTree = "<group>";
		};
/* End PBXGroup section */

/* Begin PBXNativeTarget section */
		D5F0B562C0DCDB5408C2A3A2 /* sciter-sqlite */ = {
			isa = PBXNativeTarget;
			buildConfigurationList = 81DAACCB98ED47FD8909430B /* Build configuration list for PBXNativeTarget "sciter-sqlite" */;
			buildPhases = (
				0386E50C1A99803E0AB57B4C /* Resources */,
				6D33FE6384469995746294A3 /* Sources */,
				939F646CAAB1FF9E9ACDFAAC /* Frameworks */,
			);
			buildRules = (
			);
			dependencies = (
			);
			name = "sciter-sqlite";
			productName = "sciter-sqlite";
			productReference = 4E448CFC96B5712EDB54433C /* sciter-sqlite.dll */;
			productType = "com.apple.product-type.library.dynamic";
		};
/* End PBXNativeTarget section */

/* Begin PBXProject section */
		08FB7793FE84155DC02AAC07 /* Project object */ = {
			isa = PBXProject;
			buildConfigurationList = 1DEB928908733DD80010E9CD /* Build configuration list for PBXProject "sciter-sqlite" */;
			compatibilityVersion = "Xcode 3.2";
			hasScannedForEncodings = 1;
			mainGroup = EC652EA9251FF51BB4B72CE9 /* sciter-sqlite */;
			projectDirPath = "";
			projectRoot = "";
			targets = (
				D5F0B562C0DCDB5408C2A3A2 /* sciter-sqlite.dll */,
			);
		};
/* End PBXProject section */

/* Begin PBXResourcesBuildPhase section */
		0386E50C1A99803E0AB57B4C /* Resources */ = {
			isa = PBXResourcesBuildPhase;
			buildActionMask = 2147483647;
			files = (
			);
			runOnlyForDeploymentPostprocessing = 0;
		};
/* End PBXResourcesBuildPhase section */

/* Begin PBXSourcesBuildPhase section */
		6D33FE6384469995746294A3 /* Sources */ = {
			isa = PBXSourcesBuildPhase;
			buildActionMask = 2147483647;
			files = (
				41B0B39A0471140C61A5F1DA /* sciter-sqlite-db.cpp in Sources */,
				F218ED38B4D94DAA120E2B78 /* sciter-sqlite-rs.cpp in Sources */,
				28A49F54800A124632182D94 /* sciter-sqlite.cpp in Sources */,
				315B2E34A27DCF2658447C74 /* sqlite-wrap.c in Sources */,
			);
			runOnlyForDeploymentPostprocessing = 0;
		};
/* End PBXSourcesBuildPhase section */

/* Begin PBXVariantGroup section */
/* End PBXVariantGroup section */

/* Begin XCBuildConfiguration section */
		2B5D4A1178C04043EEDF4051 /* Debug */ = {
			isa = XCBuildConfiguration;
			buildSettings = {
				ALWAYS_SEARCH_USER_PATHS = NO;
				CONFIGURATION_BUILD_DIR = ../bin.win/arm64;
				DEBUG_INFORMATION_FORMAT = "dwarf-with-dsym";
				EXECUTABLE_EXTENSION = dll;
				GCC_DYNAMIC_NO_PIC = NO;
				INSTALL_PATH = /usr/local/lib;
				PRODUCT_NAME = "sciter-sqlite";
			};
			name = Debug;
		};
		3758BD924E6B58C43E8753D2 /* Release */ = {
			isa = XCBuildConfiguration;
			buildSettings = {
				CLANG_CXX_LANGUAGE_STANDARD = "c++14";
				CONFIGURATION_BUILD_DIR = "$(SYMROOT)";
				CONFIGURATION_TEMP_DIR = "$(OBJROOT)";
				GCC_OPTIMIZATION_LEVEL = s;
				GCC_PREPROCESSOR_DEFINITIONS = (
					"DEVICE=DESKTOP",
					WIN32,
					WIN64,
					ARM64,
					NDEBUG,
					_CRT_SECURE_NO_WARNINGS,
				);
				GCC_SYMBOLS_PRIVATE_EXTERN = NO;
				GCC_WARN_ABOUT_RETURN_TYPE = YES;
				GCC_WARN_UNUSED_VARIABLE = YES;
				OBJROOT = "obj/arm64/Release/sciter-sqlite";
				ONLY_ACTIVE_ARCH = NO;
				OTHER_LDFLAGS = (
					"-lshell32",
					"-ladvapi32",
					"-lole32",
					"-loleaut32",
					"-lcomdlg32",
				);
				SYMROOT = ../bin.win/arm64;
				USER_HEADER_SEARCH_PATHS = (
					../include,
				);
			};
			name = Release;
		};
		BE9B2D4BF09477FD6A73B38B /* Release */ = {
			isa = XCBuildConfiguration;
			buildSettings = {
				ALWAYS_SEARCH_USER_PATHS = NO;
				CONFIGURATION_BUILD_DIR = ../bin.win/arm64;
				EXECUTABLE_EXTENSION = dll;
				GCC_DYNAMIC_NO_PIC = NO;
				INSTALL_PATH = /usr/local/lib;
				PRODUCT_NAME = "sciter-sqlite";
			};
			name = Release;
		};
		F6302D58991E540A28443398 /* Debug */ = {
			isa = XCBuildConfiguration;
			buildSettings = {
				CLANG_CXX_LANGUAGE_STANDARD = "c++14";
				CONFIGURATION_BUILD_DIR = "$(SYMROOT)";
				CONFIGURATION_TEMP_DIR = "$(OBJROOT)";
				COPY_PHASE_STRIP = NO;
				GCC_ENABLE_FIX_AND_CONTINUE = YES;
				GCC_OPTIMIZATION_LEVEL = 0;
				GCC_PREPROCESSOR_DEFINITIONS = (
					"DEVICE=DESKTOP",
					WIN32,
					WIN64,
					ARM64,
					DEBUG,
					_DEBUG,
					_CRT_SECURE_NO_WARNINGS,
				);
				GCC_SYMBOLS_PRIVATE_EXTERN = NO;
				GCC_WARN_ABOUT_RETURN_TYPE = YES;
				GCC_WARN_UNUSED_VARIABLE = YES;
				OBJROOT = "obj/arm64/Debug/sciter-sqlite";
				ONLY_ACTIVE_ARCH = YES;
				OTHER_LDFLAGS = (
					"-lshell32",
					"-ladvapi32",
					"-lole32",
					"-loleaut32",
					"-lcomdlg32",
				);
				SYMROOT = ../bin.win/arm64;
				USER_HEADER_SEARCH_PATHS = (
					../include,
				);
			};
			name = Debug;
		};
/* End XCBuildConfiguration section */

/* Begin XCConfigurationList section */
		1DEB928908733DD80010E9CD /* Build configuration list for PBXProject "sciter-sqlite" */ = {
			isa = XCConfigurationList;
			buildConfigurations = (
				F6302D58991E540A28443398 /* Debug */,
				F6302D58991E540A28443398 /* Debug */,
				F6302D58991E540A28443398 /* Debug */,
				3758BD924E6B58C43E8753D2 /* Release */,
				3758BD924E6B58C43E8753D2 /* Release */,
				3758BD924E6B58C43E8753D2 /* Release */,
			);
			defaultConfigurationIsVisible = 0;
			defaultConfigurationName = Debug;
		};
		81DAACCB98ED47FD8909430B /* Build configuration list for PBXNativeTarget "sciter-sqlite.dll" */ = {
			isa = XCConfigurationList;
			buildConfigurations = (
				2B5D4A1178C04043EEDF4051 /* Debug */,
				2B5D4A1178C04043EEDF4051 /* Debug */,
				2B5D4A1178C04043EEDF4051 /* Debug */,
				BE9B2D4BF09477FD6A73B38B /* Release */,
				BE9B2D4BF09477FD6A73B38B /* Release */,
				BE9B2D4BF09477FD6A73B38B /* Release */,
			);
			defaultConfigurationIsVisible = 0;
			defaultConfigurationName = Debug;
		};
/* End XCConfigurationList section */
};
rootObject = 08FB7793FE84155DC02AAC07 /* Project object */;
}