<?xml version="1.0" encoding="utf-8"?>
<Project ToolsVersion="4.0" xmlns="http://schemas.microsoft.com/developer/msbuild/2003">
  <ItemGroup>
    <Filter Include="Source Files">
      <UniqueIdentifier>{4FC737F1-C7A5-4376-A066-2A32D752A2FF}</UniqueIdentifier>
      <Extensions>cpp;c;cc;cxx;def;odl;idl;hpj;bat;asm;asmx</Extensions>
    </Filter>
    <Filter Include="Header Files">
      <UniqueIdentifier>{93995380-89BD-4b04-88EB-625FBE52EBFB}</UniqueIdentifier>
      <Extensions>h;hh;hpp;hxx;hm;inl;inc;xsd</Extensions>
    </Filter>
    <Filter Include="Resource Files">
      <UniqueIdentifier>{67DA6AB6-F800-4c08-8B7A-83BB121AAD01}</UniqueIdentifier>
      <Extensions>rc;ico;cur;bmp;dlg;rc2;rct;bin;rgs;gif;jpg;jpeg;jpe;resx;tiff;tif;png;wav;mfcribbon-ms</Extensions>
    </Filter>
    <Filter Include="glad">
      <UniqueIdentifier>{c59a5810-5259-42ed-a5d6-4ad9276f4fb5}</UniqueIdentifier>
    </Filter>
    <Filter Include="glfw">
      <UniqueIdentifier>{7af46c26-fc7a-48da-83e7-e4110a24cce5}</UniqueIdentifier>
    </Filter>
  </ItemGroup>
  <ItemGroup>
    <ClCompile Include="basic.cpp">
      <Filter>Source Files</Filter>
    </ClCompile>
    <ClCompile Include="..\glfw\deps\glad.c">
      <Filter>glad</Filter>
    </ClCompile>
    <ClCompile Include="..\glfw\src\context.c">
      <Filter>glfw</Filter>
    </ClCompile>
    <ClCompile Include="..\glfw\src\egl_context.c">
      <Filter>glfw</Filter>
    </ClCompile>
    <ClCompile Include="..\glfw\src\init.c">
      <Filter>glfw</Filter>
    </ClCompile>
    <ClCompile Include="..\glfw\src\input.c">
      <Filter>glfw</Filter>
    </ClCompile>
    <ClCompile Include="..\glfw\src\monitor.c">
      <Filter>glfw</Filter>
    </ClCompile>
    <ClCompile Include="..\glfw\src\vulkan.c">
      <Filter>glfw</Filter>
    </ClCompile>
    <ClCompile Include="..\glfw\src\wgl_context.c">
      <Filter>glfw</Filter>
    </ClCompile>
    <ClCompile Include="..\glfw\src\win32_init.c">
      <Filter>glfw</Filter>
    </ClCompile>
    <ClCompile Include="..\glfw\src\win32_joystick.c">
      <Filter>glfw</Filter>
    </ClCompile>
    <ClCompile Include="..\glfw\src\win32_monitor.c">
      <Filter>glfw</Filter>
    </ClCompile>
    <ClCompile Include="..\glfw\src\win32_time.c">
      <Filter>glfw</Filter>
    </ClCompile>
    <ClCompile Include="..\glfw\src\win32_tls.c">
      <Filter>glfw</Filter>
    </ClCompile>
    <ClCompile Include="..\glfw\src\win32_window.c">
      <Filter>glfw</Filter>
    </ClCompile>
    <ClCompile Include="..\glfw\src\window.c">
      <Filter>glfw</Filter>
    </ClCompile>
  </ItemGroup>
  <ItemGroup>
    <ClInclude Include="..\..\include\sciter-x.h">
      <Filter>Header Files</Filter>
    </ClInclude>
    <ClInclude Include="..\..\include\sciter-x-msg.h">
      <Filter>Header Files</Filter>
    </ClInclude>
  </ItemGroup>
</Project>