<?xml version="1.0" encoding="utf-8"?>
<Project ToolsVersion="4.0" xmlns="http://schemas.microsoft.com/developer/msbuild/2003">
  <ItemGroup>
    <Filter Include="demos">
      <UniqueIdentifier>{3DD3490F-A9E7-71C0-7269-1520DE3C6EF1}</UniqueIdentifier>
    </Filter>
    <Filter Include="demos\usciter">
      <UniqueIdentifier>{ABE2033D-17A3-7F73-E0DD-C8F04C5DC44F}</UniqueIdentifier>
    </Filter>
    <Filter Include="demos\usciter\win-res">
      <UniqueIdentifier>{9F811C60-0BEE-D75A-D4E1-6FB8400DFAC2}</UniqueIdentifier>
    </Filter>
    <Filter Include="include">
      <UniqueIdentifier>{89AF369E-F58E-B539-FEA6-40106A051C9B}</UniqueIdentifier>
    </Filter>
    <Filter Include="sqlite">
      <UniqueIdentifier>{F71C5A1C-E3BE-84F2-CC79-9846B8BA0B43}</UniqueIdentifier>
    </Filter>
  </ItemGroup>
  <ItemGroup>
    <ClInclude Include="..\include\aux-asset.h">
      <Filter>include</Filter>
    </ClInclude>
    <ClInclude Include="..\include\aux-cvt.h">
      <Filter>include</Filter>
    </ClInclude>
    <ClInclude Include="..\include\aux-platform.h">
      <Filter>include</Filter>
    </ClInclude>
    <ClInclude Include="..\include\aux-slice.h">
      <Filter>include</Filter>
    </ClInclude>
    <ClInclude Include="..\include\sciter-om-def.h">
      <Filter>include</Filter>
    </ClInclude>
    <ClInclude Include="..\include\sciter-om.h">
      <Filter>include</Filter>
    </ClInclude>
    <ClInclude Include="..\include\sciter-x-api.h">
      <Filter>include</Filter>
    </ClInclude>
    <ClInclude Include="..\include\sciter-x-behavior.h">
      <Filter>include</Filter>
    </ClInclude>
    <ClInclude Include="..\include\sciter-x-debug.h">
      <Filter>include</Filter>
    </ClInclude>
    <ClInclude Include="..\include\sciter-x-def.h">
      <Filter>include</Filter>
    </ClInclude>
    <ClInclude Include="..\include\sciter-x-dom.h">
      <Filter>include</Filter>
    </ClInclude>
    <ClInclude Include="..\include\sciter-x-dom.hpp">
      <Filter>include</Filter>
    </ClInclude>
    <ClInclude Include="..\include\sciter-x-graphics.h">
      <Filter>include</Filter>
    </ClInclude>
    <ClInclude Include="..\include\sciter-x-graphics.hpp">
      <Filter>include</Filter>
    </ClInclude>
    <ClInclude Include="..\include\sciter-x-host-callback.h">
      <Filter>include</Filter>
    </ClInclude>
    <ClInclude Include="..\include\sciter-x-lite-keycodes.h">
      <Filter>include</Filter>
    </ClInclude>
    <ClInclude Include="..\include\sciter-x-msg.h">
      <Filter>include</Filter>
    </ClInclude>
    <ClInclude Include="..\include\sciter-x-request.h">
      <Filter>include</Filter>
    </ClInclude>
    <ClInclude Include="..\include\sciter-x-request.hpp">
      <Filter>include</Filter>
    </ClInclude>
    <ClInclude Include="..\include\sciter-x-script.h">
      <Filter>include</Filter>
    </ClInclude>
    <ClInclude Include="..\include\sciter-x-threads.h">
      <Filter>include</Filter>
    </ClInclude>
    <ClInclude Include="..\include\sciter-x-types.h">
      <Filter>include</Filter>
    </ClInclude>
    <ClInclude Include="..\include\sciter-x-value.h">
      <Filter>include</Filter>
    </ClInclude>
    <ClInclude Include="..\include\sciter-x-video-api.h">
      <Filter>include</Filter>
    </ClInclude>
    <ClInclude Include="..\include\sciter-x-window.hpp">
      <Filter>include</Filter>
    </ClInclude>
    <ClInclude Include="..\include\sciter-x.h">
      <Filter>include</Filter>
    </ClInclude>
    <ClInclude Include="..\sqlite\sciter-sqlite.h">
      <Filter>sqlite</Filter>
    </ClInclude>
    <ClInclude Include="..\sqlite\sqlite-wrap.h">
      <Filter>sqlite</Filter>
    </ClInclude>
    <ClInclude Include="..\sqlite\sqlite3.h">
      <Filter>sqlite</Filter>
    </ClInclude>
    <ClInclude Include="..\sqlite\sqlite3ext.h">
      <Filter>sqlite</Filter>
    </ClInclude>
  </ItemGroup>
  <ItemGroup>
    <ClCompile Include="..\demos\usciter\usciter.cpp">
      <Filter>demos\usciter</Filter>
    </ClCompile>
    <ClCompile Include="..\include\sciter-win-main.cpp">
      <Filter>include</Filter>
    </ClCompile>
    <ClCompile Include="..\sqlite\sciter-sqlite-db.cpp">
      <Filter>sqlite</Filter>
    </ClCompile>
    <ClCompile Include="..\sqlite\sciter-sqlite-rs.cpp">
      <Filter>sqlite</Filter>
    </ClCompile>
    <ClCompile Include="..\sqlite\sqlite-wrap.c">
      <Filter>sqlite</Filter>
    </ClCompile>
  </ItemGroup>
  <ItemGroup>
    <None Include="..\demos\usciter\win-res\dpi-aware.manifest">
      <Filter>demos\usciter\win-res</Filter>
    </None>
  </ItemGroup>
  <ItemGroup>
    <ResourceCompile Include="..\demos\usciter\win-res\usciter.rc">
      <Filter>demos\usciter\win-res</Filter>
    </ResourceCompile>
  </ItemGroup>
</Project>