<?xml version="1.0" encoding="utf-8"?>
<Project ToolsVersion="4.0" xmlns="http://schemas.microsoft.com/developer/msbuild/2003">
  <ItemGroup>
    <Filter Include="demos">
      <UniqueIdentifier>{3DD3490F-A9E7-71C0-7269-1520DE3C6EF1}</UniqueIdentifier>
    </Filter>
    <Filter Include="demos\sciter">
      <UniqueIdentifier>{F69CBBA6-E2FF-4A4B-8B85-830177C716CE}</UniqueIdentifier>
    </Filter>
    <Filter Include="demos\sciter\res">
      <UniqueIdentifier>{2FE0A8A4-1BD9-C7F6-440B-AD7B3063A702}</UniqueIdentifier>
    </Filter>
    <Filter Include="include">
      <UniqueIdentifier>{89AF369E-F58E-B539-FEA6-40106A051C9B}</UniqueIdentifier>
    </Filter>
    <Filter Include="include\behaviors">
      <UniqueIdentifier>{FB2C47D4-6743-456A-B0BA-D08B1C1016F2}</UniqueIdentifier>
    </Filter>
  </ItemGroup>
  <ItemGroup>
    <ClInclude Include="..\include\aux-asset.h">
      <Filter>include</Filter>
    </ClInclude>
    <ClInclude Include="..\include\aux-cvt.h">
      <Filter>include</Filter>
    </ClInclude>
    <ClInclude Include="..\include\aux-platform.h">
      <Filter>include</Filter>
    </ClInclude>
    <ClInclude Include="..\include\aux-slice.h">
      <Filter>include</Filter>
    </ClInclude>
    <ClInclude Include="..\include\sciter-om-def.h">
      <Filter>include</Filter>
    </ClInclude>
    <ClInclude Include="..\include\sciter-om.h">
      <Filter>include</Filter>
    </ClInclude>
    <ClInclude Include="..\include\sciter-x-api.h">
      <Filter>include</Filter>
    </ClInclude>
    <ClInclude Include="..\include\sciter-x-behavior.h">
      <Filter>include</Filter>
    </ClInclude>
    <ClInclude Include="..\include\sciter-x-debug.h">
      <Filter>include</Filter>
    </ClInclude>
    <ClInclude Include="..\include\sciter-x-def.h">
      <Filter>include</Filter>
    </ClInclude>
    <ClInclude Include="..\include\sciter-x-dom.h">
      <Filter>include</Filter>
    </ClInclude>
    <ClInclude Include="..\include\sciter-x-dom.hpp">
      <Filter>include</Filter>
    </ClInclude>
    <ClInclude Include="..\include\sciter-x-graphics.h">
      <Filter>include</Filter>
    </ClInclude>
    <ClInclude Include="..\include\sciter-x-graphics.hpp">
      <Filter>include</Filter>
    </ClInclude>
    <ClInclude Include="..\include\sciter-x-host-callback.h">
      <Filter>include</Filter>
    </ClInclude>
    <ClInclude Include="..\include\sciter-x-lite-keycodes.h">
      <Filter>include</Filter>
    </ClInclude>
    <ClInclude Include="..\include\sciter-x-msg.h">
      <Filter>include</Filter>
    </ClInclude>
    <ClInclude Include="..\include\sciter-x-request.h">
      <Filter>include</Filter>
    </ClInclude>
    <ClInclude Include="..\include\sciter-x-request.hpp">
      <Filter>include</Filter>
    </ClInclude>
    <ClInclude Include="..\include\sciter-x-script.h">
      <Filter>include</Filter>
    </ClInclude>
    <ClInclude Include="..\include\sciter-x-threads.h">
      <Filter>include</Filter>
    </ClInclude>
    <ClInclude Include="..\include\sciter-x-types.h">
      <Filter>include</Filter>
    </ClInclude>
    <ClInclude Include="..\include\sciter-x-value.h">
      <Filter>include</Filter>
    </ClInclude>
    <ClInclude Include="..\include\sciter-x-video-api.h">
      <Filter>include</Filter>
    </ClInclude>
    <ClInclude Include="..\include\sciter-x-window.hpp">
      <Filter>include</Filter>
    </ClInclude>
    <ClInclude Include="..\include\sciter-x.h">
      <Filter>include</Filter>
    </ClInclude>
  </ItemGroup>
  <ItemGroup>
    <ClCompile Include="..\demos\sciter\main.cpp">
      <Filter>demos\sciter</Filter>
    </ClCompile>
    <ClCompile Include="..\demos\sciter\sciter.cpp">
      <Filter>demos\sciter</Filter>
    </ClCompile>
    <ClCompile Include="..\demos\sciter\stdafx.cpp">
      <Filter>demos\sciter</Filter>
    </ClCompile>
    <ClCompile Include="..\include\behaviors\behavior_camera_capture.cpp">
      <Filter>include\behaviors</Filter>
    </ClCompile>
    <ClCompile Include="..\include\behaviors\behavior_drawing-gdi.cpp">
      <Filter>include\behaviors</Filter>
    </ClCompile>
    <ClCompile Include="..\include\behaviors\behavior_drawing-opengl.cpp">
      <Filter>include\behaviors</Filter>
    </ClCompile>
    <ClCompile Include="..\include\behaviors\behavior_drawing.cpp">
      <Filter>include\behaviors</Filter>
    </ClCompile>
    <ClCompile Include="..\include\behaviors\behavior_native_textarea.cpp">
      <Filter>include\behaviors</Filter>
    </ClCompile>
    <ClCompile Include="..\include\behaviors\behavior_tabs.cpp">
      <Filter>include\behaviors</Filter>
    </ClCompile>
    <ClCompile Include="..\include\behaviors\behavior_video_generator.cpp">
      <Filter>include\behaviors</Filter>
    </ClCompile>
  </ItemGroup>
  <ItemGroup>
    <None Include="..\demos\sciter\res\dpi-aware.manifest">
      <Filter>demos\sciter\res</Filter>
    </None>
  </ItemGroup>
  <ItemGroup>
    <ResourceCompile Include="..\demos\sciter\sciter.rc">
      <Filter>demos\sciter</Filter>
    </ResourceCompile>
  </ItemGroup>
</Project>