
Microsoft Visual Studio Solution File, Format Version 11.00
# Visual Studio 2010
Project("{8BC9CEB8-8B4A-11D0-8D11-00A0C91BC942}") = "sciter-mfc", "sciter-mfc.vcxproj", "{F6A50714-AD69-41BA-8DE4-B1A8C6EE3B91}"
EndProject
Global
	GlobalSection(SolutionConfigurationPlatforms) = preSolution
		Debug|Win32 = Debug|Win32
		Release|Win32 = Release|Win32
	EndGlobalSection
	GlobalSection(ProjectConfigurationPlatforms) = postSolution
		{F6A50714-AD69-41BA-8DE4-B1A8C6EE3B91}.Debug|Win32.ActiveCfg = Debug|Win32
		{F6A50714-AD69-41BA-8DE4-B1A8C6EE3B91}.Debug|Win32.Build.0 = Debug|Win32
		{F6A50714-AD69-41BA-8DE4-B1A8C6EE3B91}.Release|Win32.ActiveCfg = Release|Win32
		{F6A50714-AD69-41BA-8DE4-B1A8C6EE3B91}.Release|Win32.Build.0 = Release|Win32
	EndGlobalSection
	GlobalSection(SolutionProperties) = preSolution
		HideSolutionNode = FALSE
	EndGlobalSection
EndGlobal
