<?xml version="1.0" encoding="UTF-8" standalone="yes" ?>
<CodeBlocks_project_file>
	<FileVersion major="1" minor="6" />
	<Project>
		<Option title="inspector" />
		<Option pch_mode="2" />
		<Build>
			<Target title="Debug|x32">
				<Option output="../bin.lnx/x32/inspector" prefix_auto="0" extension_auto="0" />
				<Option object_output="obj/x32/Debug/inspector" />
				<Option type="0" />
				<Option compiler="gcc" />
				<Compiler>
					<Add option="-m32" />
					<Add option="-g" />
					<Add option="-m32" />
					<Add option="-g" />
					<Add option="-std=c++14" />
					<Add option="-D_GNU_SOURCE" />
					<Add option="-DDEBUG" />
					<Add option="-D_DEBUG" />
					<Add option="`pkg-config gtk+-3.0 --cflags`" />
					<Add option="`pkg-config fontconfig --cflags`" />
					<Add option="-fPIC" />
					<Add option="-Wno-unknown-pragmas" />
					<Add option="-Wno-write-strings" />
					<Add option="-ldl" />
					<Add directory="../include" />
				</Compiler>
				<Linker>
					<Add option="-m32" />
					<Add option="`pkg-config gtk+-3.0 --libs`" />
					<Add option="`pkg-config fontconfig --libs`" />
					<Add option="-fPIC" />
					<Add option="-pthread" />
					<Add option="-Wl,--no-undefined" />
					<Add option="-ldl" />
				</Linker>
			</Target>
			<Target title="Release|x32">
				<Option output="../bin.lnx/x32/inspector" prefix_auto="0" extension_auto="0" />
				<Option object_output="obj/x32/Release/inspector" />
				<Option type="0" />
				<Option compiler="gcc" />
				<Compiler>
					<Add option="-m32" />
					<Add option="-flto" />
					<Add option="-Os" />
					<Add option="-m32" />
					<Add option="-flto" />
					<Add option="-Os" />
					<Add option="-std=c++14" />
					<Add option="-D_GNU_SOURCE" />
					<Add option="-DNDEBUG" />
					<Add option="`pkg-config gtk+-3.0 --cflags`" />
					<Add option="`pkg-config fontconfig --cflags`" />
					<Add option="-fPIC" />
					<Add option="-Wno-unknown-pragmas" />
					<Add option="-Wno-write-strings" />
					<Add option="-ldl" />
					<Add directory="../include" />
				</Compiler>
				<Linker>
					<Add option="-m32" />
					<Add option="-flto" />
					<Add option="-s" />
					<Add option="`pkg-config gtk+-3.0 --libs`" />
					<Add option="`pkg-config fontconfig --libs`" />
					<Add option="-fPIC" />
					<Add option="-pthread" />
					<Add option="-Wl,--no-undefined" />
					<Add option="-ldl" />
				</Linker>
			</Target>
			<Target title="Debug|x64">
				<Option output="../bin.lnx/x64/inspector" prefix_auto="0" extension_auto="0" />
				<Option object_output="obj/x64/Debug/inspector" />
				<Option type="0" />
				<Option compiler="gcc" />
				<Compiler>
					<Add option="-m64" />
					<Add option="-g" />
					<Add option="-m64" />
					<Add option="-g" />
					<Add option="-std=c++14" />
					<Add option="-D_GNU_SOURCE" />
					<Add option="-DDEBUG" />
					<Add option="-D_DEBUG" />
					<Add option="`pkg-config gtk+-3.0 --cflags`" />
					<Add option="`pkg-config fontconfig --cflags`" />
					<Add option="-fPIC" />
					<Add option="-Wno-unknown-pragmas" />
					<Add option="-Wno-write-strings" />
					<Add option="-ldl" />
					<Add directory="../include" />
				</Compiler>
				<Linker>
					<Add option="-m64" />
					<Add option="`pkg-config gtk+-3.0 --libs`" />
					<Add option="`pkg-config fontconfig --libs`" />
					<Add option="-fPIC" />
					<Add option="-pthread" />
					<Add option="-Wl,--no-undefined" />
					<Add option="-ldl" />
				</Linker>
			</Target>
			<Target title="Release|x64">
				<Option output="../bin.lnx/x64/inspector" prefix_auto="0" extension_auto="0" />
				<Option object_output="obj/x64/Release/inspector" />
				<Option type="0" />
				<Option compiler="gcc" />
				<Compiler>
					<Add option="-m64" />
					<Add option="-flto" />
					<Add option="-Os" />
					<Add option="-m64" />
					<Add option="-flto" />
					<Add option="-Os" />
					<Add option="-std=c++14" />
					<Add option="-D_GNU_SOURCE" />
					<Add option="-DNDEBUG" />
					<Add option="`pkg-config gtk+-3.0 --cflags`" />
					<Add option="`pkg-config fontconfig --cflags`" />
					<Add option="-fPIC" />
					<Add option="-Wno-unknown-pragmas" />
					<Add option="-Wno-write-strings" />
					<Add option="-ldl" />
					<Add directory="../include" />
				</Compiler>
				<Linker>
					<Add option="-m64" />
					<Add option="-flto" />
					<Add option="-s" />
					<Add option="`pkg-config gtk+-3.0 --libs`" />
					<Add option="`pkg-config fontconfig --libs`" />
					<Add option="-fPIC" />
					<Add option="-pthread" />
					<Add option="-Wl,--no-undefined" />
					<Add option="-ldl" />
				</Linker>
			</Target>
			<Target title="Debug|arm32">
				<Option output="../bin.lnx/arm32/inspector" prefix_auto="0" extension_auto="0" />
				<Option object_output="obj/arm32/Debug/inspector" />
				<Option type="0" />
				<Option compiler="gcc" />
				<Compiler>
					<Add option="-g" />
					<Add option="-g" />
					<Add option="-std=c++14" />
					<Add option="-D_GNU_SOURCE" />
					<Add option="-DDEBUG" />
					<Add option="-D_DEBUG" />
					<Add option="`pkg-config gtk+-3.0 --cflags`" />
					<Add option="`pkg-config fontconfig --cflags`" />
					<Add option="-fPIC" />
					<Add option="-Wno-unknown-pragmas" />
					<Add option="-Wno-write-strings" />
					<Add option="-ldl" />
					<Add directory="../include" />
				</Compiler>
				<Linker>
					<Add option="`pkg-config gtk+-3.0 --libs`" />
					<Add option="`pkg-config fontconfig --libs`" />
					<Add option="-fPIC" />
					<Add option="-pthread" />
					<Add option="-Wl,--no-undefined" />
					<Add option="-ldl" />
				</Linker>
			</Target>
			<Target title="Release|arm32">
				<Option output="../bin.lnx/arm32/inspector" prefix_auto="0" extension_auto="0" />
				<Option object_output="obj/arm32/Release/inspector" />
				<Option type="0" />
				<Option compiler="gcc" />
				<Compiler>
					<Add option="-flto" />
					<Add option="-Os" />
					<Add option="-flto" />
					<Add option="-Os" />
					<Add option="-std=c++14" />
					<Add option="-D_GNU_SOURCE" />
					<Add option="-DNDEBUG" />
					<Add option="`pkg-config gtk+-3.0 --cflags`" />
					<Add option="`pkg-config fontconfig --cflags`" />
					<Add option="-fPIC" />
					<Add option="-Wno-unknown-pragmas" />
					<Add option="-Wno-write-strings" />
					<Add option="-ldl" />
					<Add directory="../include" />
				</Compiler>
				<Linker>
					<Add option="-flto" />
					<Add option="-s" />
					<Add option="`pkg-config gtk+-3.0 --libs`" />
					<Add option="`pkg-config fontconfig --libs`" />
					<Add option="-fPIC" />
					<Add option="-pthread" />
					<Add option="-Wl,--no-undefined" />
					<Add option="-ldl" />
				</Linker>
			</Target>
			<Target title="Debug|arm64">
				<Option output="../bin.lnx/arm64/inspector" prefix_auto="0" extension_auto="0" />
				<Option object_output="obj/arm64/Debug/inspector" />
				<Option type="0" />
				<Option compiler="gcc" />
				<Compiler>
					<Add option="-g" />
					<Add option="-g" />
					<Add option="-std=c++14" />
					<Add option="-D_GNU_SOURCE" />
					<Add option="-DDEBUG" />
					<Add option="-D_DEBUG" />
					<Add option="`pkg-config gtk+-3.0 --cflags`" />
					<Add option="`pkg-config fontconfig --cflags`" />
					<Add option="-fPIC" />
					<Add option="-Wno-unknown-pragmas" />
					<Add option="-Wno-write-strings" />
					<Add option="-ldl" />
					<Add directory="../include" />
				</Compiler>
				<Linker>
					<Add option="`pkg-config gtk+-3.0 --libs`" />
					<Add option="`pkg-config fontconfig --libs`" />
					<Add option="-fPIC" />
					<Add option="-pthread" />
					<Add option="-Wl,--no-undefined" />
					<Add option="-ldl" />
				</Linker>
			</Target>
			<Target title="Release|arm64">
				<Option output="../bin.lnx/arm64/inspector" prefix_auto="0" extension_auto="0" />
				<Option object_output="obj/arm64/Release/inspector" />
				<Option type="0" />
				<Option compiler="gcc" />
				<Compiler>
					<Add option="-flto" />
					<Add option="-Os" />
					<Add option="-flto" />
					<Add option="-Os" />
					<Add option="-std=c++14" />
					<Add option="-D_GNU_SOURCE" />
					<Add option="-DNDEBUG" />
					<Add option="`pkg-config gtk+-3.0 --cflags`" />
					<Add option="`pkg-config fontconfig --cflags`" />
					<Add option="-fPIC" />
					<Add option="-Wno-unknown-pragmas" />
					<Add option="-Wno-write-strings" />
					<Add option="-ldl" />
					<Add directory="../include" />
				</Compiler>
				<Linker>
					<Add option="-flto" />
					<Add option="-s" />
					<Add option="`pkg-config gtk+-3.0 --libs`" />
					<Add option="`pkg-config fontconfig --libs`" />
					<Add option="-fPIC" />
					<Add option="-pthread" />
					<Add option="-Wl,--no-undefined" />
					<Add option="-ldl" />
				</Linker>
			</Target>
		</Build>
		<Unit filename="../demos/inspector/inspector.cpp">
		</Unit>
		<Unit filename="../include/sciter-gtk-main.cpp">
		</Unit>
	</Project>
</CodeBlocks_project_file>