// !$*UTF8*$!
{
	archiveVersion = 1;
	classes = {
	};
	objectVersion = 46;
	objects = {

/* Begin PBXBuildFile section */
		794D78A0EA701992A036C6E0 /* plain-win.cpp in Sources */ = {isa = PBXBuildFile; fileRef = AC4CAEC8D487677ABC22F508 /* plain-win.cpp */; };
		8A4E2DB6E58F8128B8E9CBF6 /* stdafx.cpp in Sources */ = {isa = PBXBuildFile; fileRef = D9568A7EF06925B0E08520BE /* stdafx.cpp */; };
/* End PBXBuildFile section */

/* Begin PBXFileReference section */
		4B4B03A8625D9EDA527999E8 /* plain-win.exe */ = {isa = PBXFileReference; explicitFileType = wrapper.application; includeInIndex = 0; name = "plain-win.exe"; path = "plain-win.exe"; sourceTree = BUILT_PRODUCTS_DIR; };
		AC4CAEC8D487677ABC22F508 /* plain-win.cpp */ = {isa = PBXFileReference; lastKnownFileType = sourcecode.cpp.cpp; name = "plain-win.cpp"; path = "../demos/plain-win/plain-win.cpp"; sourceTree = "<group>"; };
		B0EA04ACF95AE8DE3DF9BAEC /* plain-win.rc */ = {isa = PBXFileReference; lastKnownFileType = text; name = "plain-win.rc"; path = "../demos/plain-win/plain-win.rc"; sourceTree = "<group>"; };
		D9568A7EF06925B0E08520BE /* stdafx.cpp */ = {isa = PBXFileReference; lastKnownFileType = sourcecode.cpp.cpp; name = stdafx.cpp; path = "../demos/plain-win/stdafx.cpp"; sourceTree = "<group>"; };
/* End PBXFileReference section */

/* Begin PBXFrameworksBuildPhase section */
		C57D6518C8EE374A4A5ADB58 /* Frameworks */ = {
			isa = PBXFrameworksBuildPhase;
			buildActionMask = 2147483647;
			files = (
			);
			runOnlyForDeploymentPostprocessing = 0;
		};
/* End PBXFrameworksBuildPhase section */

/* Begin PBXGroup section */
		A6C936B49B3FADE6EA134CF4 /* Products */ = {
			isa = PBXGroup;
			children = (
				4B4B03A8625D9EDA527999E8 /* plain-win.exe */,
			);
			name = Products;
			sourceTree = "<group>";
		};
		DE5F9D0F61A4FA818AEC7B4F /* plain-win */ = {
			isa = PBXGroup;
			children = (
				AC4CAEC8D487677ABC22F508 /* plain-win.cpp */,
				B0EA04ACF95AE8DE3DF9BAEC /* plain-win.rc */,
				D9568A7EF06925B0E08520BE /* stdafx.cpp */,
				A6C936B49B3FADE6EA134CF4 /* Products */,
			);
			name = "plain-win";
			sourceTree = "<group>";
		};
/* End PBXGroup section */

/* Begin PBXNativeTarget section */
		236D068E242003809801D4CE /* plain-win */ = {
			isa = PBXNativeTarget;
			buildConfigurationList = B3B8AD77B7297FA9389623B7 /* Build configuration list for PBXNativeTarget "plain-win" */;
			buildPhases = (
				3564E5B838D5B7EABA425BF8 /* Resources */,
				9F11FF0FA282D14123EF754F /* Sources */,
				C57D6518C8EE374A4A5ADB58 /* Frameworks */,
			);
			buildRules = (
			);
			dependencies = (
			);
			name = "plain-win";
			productInstallPath = "$(HOME)/Applications";
			productName = "plain-win";
			productReference = 4B4B03A8625D9EDA527999E8 /* plain-win.exe */;
			productType = "com.apple.product-type.application";
		};
/* End PBXNativeTarget section */

/* Begin PBXProject section */
		08FB7793FE84155DC02AAC07 /* Project object */ = {
			isa = PBXProject;
			buildConfigurationList = 1DEB928908733DD80010E9CD /* Build configuration list for PBXProject "plain-win" */;
			compatibilityVersion = "Xcode 3.2";
			hasScannedForEncodings = 1;
			mainGroup = DE5F9D0F61A4FA818AEC7B4F /* plain-win */;
			projectDirPath = "";
			projectRoot = "";
			targets = (
				236D068E242003809801D4CE /* plain-win.exe */,
			);
		};
/* End PBXProject section */

/* Begin PBXResourcesBuildPhase section */
		3564E5B838D5B7EABA425BF8 /* Resources */ = {
			isa = PBXResourcesBuildPhase;
			buildActionMask = 2147483647;
			files = (
			);
			runOnlyForDeploymentPostprocessing = 0;
		};
/* End PBXResourcesBuildPhase section */

/* Begin PBXSourcesBuildPhase section */
		9F11FF0FA282D14123EF754F /* Sources */ = {
			isa = PBXSourcesBuildPhase;
			buildActionMask = 2147483647;
			files = (
				794D78A0EA701992A036C6E0 /* plain-win.cpp in Sources */,
				8A4E2DB6E58F8128B8E9CBF6 /* stdafx.cpp in Sources */,
			);
			runOnlyForDeploymentPostprocessing = 0;
		};
/* End PBXSourcesBuildPhase section */

/* Begin PBXVariantGroup section */
/* End PBXVariantGroup section */

/* Begin XCBuildConfiguration section */
		6E15ACBD8FE159EFCC9682FD /* Debug */ = {
			isa = XCBuildConfiguration;
			buildSettings = {
				ALWAYS_SEARCH_USER_PATHS = NO;
				CONFIGURATION_BUILD_DIR = ../bin.win/x32;
				DEBUG_INFORMATION_FORMAT = "dwarf-with-dsym";
				GCC_DYNAMIC_NO_PIC = NO;
				INSTALL_PATH = "\"$(HOME)/Applications\"";
				PRODUCT_NAME = "plain-win";
				WRAPPER_EXTENSION = exe;
			};
			name = Debug;
		};
		90F6EAF75462ACA993065137 /* Release */ = {
			isa = XCBuildConfiguration;
			buildSettings = {
				ALWAYS_SEARCH_USER_PATHS = NO;
				CONFIGURATION_BUILD_DIR = ../bin.win/x32;
				GCC_DYNAMIC_NO_PIC = NO;
				INSTALL_PATH = "\"$(HOME)/Applications\"";
				PRODUCT_NAME = "plain-win";
				WRAPPER_EXTENSION = exe;
			};
			name = Release;
		};
		CC29A038CF9A726A51071678 /* Release */ = {
			isa = XCBuildConfiguration;
			buildSettings = {
				CLANG_CXX_LANGUAGE_STANDARD = "c++14";
				CONFIGURATION_BUILD_DIR = "$(SYMROOT)";
				CONFIGURATION_TEMP_DIR = "$(OBJROOT)";
				GCC_OPTIMIZATION_LEVEL = s;
				GCC_PREPROCESSOR_DEFINITIONS = (
					"DEVICE=DESKTOP",
					WIN32,
					NDEBUG,
					_CRT_SECURE_NO_WARNINGS,
				);
				GCC_SYMBOLS_PRIVATE_EXTERN = NO;
				GCC_WARN_ABOUT_RETURN_TYPE = YES;
				GCC_WARN_UNUSED_VARIABLE = YES;
				OBJROOT = "obj/x32/Release/plain-win";
				ONLY_ACTIVE_ARCH = NO;
				OTHER_LDFLAGS = (
					"-lshell32",
					"-ladvapi32",
					"-lole32",
					"-loleaut32",
					"-lcomdlg32",
				);
				SYMROOT = ../bin.win/x32;
				USER_HEADER_SEARCH_PATHS = (
					../include,
					"../demos/plain-win",
				);
			};
			name = Release;
		};
		E7FC2E7E8C4ECC309E8714BE /* Debug */ = {
			isa = XCBuildConfiguration;
			buildSettings = {
				CLANG_CXX_LANGUAGE_STANDARD = "c++14";
				CONFIGURATION_BUILD_DIR = "$(SYMROOT)";
				CONFIGURATION_TEMP_DIR = "$(OBJROOT)";
				COPY_PHASE_STRIP = NO;
				GCC_ENABLE_FIX_AND_CONTINUE = YES;
				GCC_OPTIMIZATION_LEVEL = 0;
				GCC_PREPROCESSOR_DEFINITIONS = (
					"DEVICE=DESKTOP",
					WIN32,
					DEBUG,
					_DEBUG,
					_CRT_SECURE_NO_WARNINGS,
				);
				GCC_SYMBOLS_PRIVATE_EXTERN = NO;
				GCC_WARN_ABOUT_RETURN_TYPE = YES;
				GCC_WARN_UNUSED_VARIABLE = YES;
				OBJROOT = "obj/x32/Debug/plain-win";
				ONLY_ACTIVE_ARCH = YES;
				OTHER_LDFLAGS = (
					"-lshell32",
					"-ladvapi32",
					"-lole32",
					"-loleaut32",
					"-lcomdlg32",
				);
				SYMROOT = ../bin.win/x32;
				USER_HEADER_SEARCH_PATHS = (
					../include,
					"../demos/plain-win",
				);
			};
			name = Debug;
		};
/* End XCBuildConfiguration section */

/* Begin XCConfigurationList section */
		1DEB928908733DD80010E9CD /* Build configuration list for PBXProject "plain-win" */ = {
			isa = XCConfigurationList;
			buildConfigurations = (
				E7FC2E7E8C4ECC309E8714BE /* Debug */,
				CC29A038CF9A726A51071678 /* Release */,
			);
			defaultConfigurationIsVisible = 0;
			defaultConfigurationName = Debug;
		};
		B3B8AD77B7297FA9389623B7 /* Build configuration list for PBXNativeTarget "plain-win.exe" */ = {
			isa = XCConfigurationList;
			buildConfigurations = (
				6E15ACBD8FE159EFCC9682FD /* Debug */,
				90F6EAF75462ACA993065137 /* Release */,
			);
			defaultConfigurationIsVisible = 0;
			defaultConfigurationName = Debug;
		};
/* End XCConfigurationList section */
};
rootObject = 08FB7793FE84155DC02AAC07 /* Project object */;
}