// !$*UTF8*$!
{
	archiveVersion = 1;
	classes = {
	};
	objectVersion = 46;
	objects = {

/* Begin PBXBuildFile section */
		83FD96AC631AB0DE3F240CEC /* uminimal.cpp in Sources */ = {isa = PBXBuildFile; fileRef = 3B0A1434CD97DE2636708274 /* uminimal.cpp */; };
		F28E1163E3857F554F88FFA3 /* sciter-win-main.cpp in Sources */ = {isa = PBXBuildFile; fileRef = D29D708B6AEA563D993156CB /* sciter-win-main.cpp */; };
/* End PBXBuildFile section */

/* Begin PBXFileReference section */
		3B0A1434CD97DE2636708274 /* uminimal.cpp */ = {isa = PBXFileReference; lastKnownFileType = sourcecode.cpp.cpp; name = uminimal.cpp; path = ../demos/uminimal/uminimal.cpp; sourceTree = "<group>"; };
		AF071335AFBA1027239BE175 /* uminimal.exe */ = {isa = PBXFileReference; explicitFileType = wrapper.application; includeInIndex = 0; name = uminimal.exe; path = uminimal.exe; sourceTree = BUILT_PRODUCTS_DIR; };
		D29D708B6AEA563D993156CB /* sciter-win-main.cpp */ = {isa = PBXFileReference; lastKnownFileType = sourcecode.cpp.cpp; name = "sciter-win-main.cpp"; path = "../include/sciter-win-main.cpp"; sourceTree = "<group>"; };
/* End PBXFileReference section */

/* Begin PBXFrameworksBuildPhase section */
		668DB62595340A17EE756465 /* Frameworks */ = {
			isa = PBXFrameworksBuildPhase;
			buildActionMask = 2147483647;
			files = (
			);
			runOnlyForDeploymentPostprocessing = 0;
		};
/* End PBXFrameworksBuildPhase section */

/* Begin PBXGroup section */
		55A2E43C4A195B6E98ECFA7C /* uminimal */ = {
			isa = PBXGroup;
			children = (
				8A2CBBB8DA40506A5CBE81F8 /* demos */,
				5E8C725002DF100215175890 /* include */,
				A6C936B49B3FADE6EA134CF4 /* Products */,
			);
			name = uminimal;
			sourceTree = "<group>";
		};
		5E8C725002DF100215175890 /* include */ = {
			isa = PBXGroup;
			children = (
				D29D708B6AEA563D993156CB /* sciter-win-main.cpp */,
			);
			name = include;
			sourceTree = "<group>";
		};
		8A2CBBB8DA40506A5CBE81F8 /* demos */ = {
			isa = PBXGroup;
			children = (
				D4F14D07FB177CB9621E7347 /* uminimal */,
			);
			name = demos;
			sourceTree = "<group>";
		};
		A6C936B49B3FADE6EA134CF4 /* Products */ = {
			isa = PBXGroup;
			children = (
				AF071335AFBA1027239BE175 /* uminimal.exe */,
			);
			name = Products;
			sourceTree = "<group>";
		};
		D4F14D07FB177CB9621E7347 /* uminimal */ = {
			isa = PBXGroup;
			children = (
				3B0A1434CD97DE2636708274 /* uminimal.cpp */,
			);
			name = uminimal;
			sourceTree = "<group>";
		};
/* End PBXGroup section */

/* Begin PBXNativeTarget section */
		16EED87BB9DCFF2D4902DEBB /* uminimal */ = {
			isa = PBXNativeTarget;
			buildConfigurationList = 54C8FE84836F5276DCB0ACC4 /* Build configuration list for PBXNativeTarget "uminimal" */;
			buildPhases = (
				D67536C5051B8AB75E5CE505 /* Resources */,
				4022501C6EC8A40EC809FE5C /* Sources */,
				668DB62595340A17EE756465 /* Frameworks */,
			);
			buildRules = (
			);
			dependencies = (
			);
			name = uminimal;
			productInstallPath = "$(HOME)/Applications";
			productName = uminimal;
			productReference = AF071335AFBA1027239BE175 /* uminimal.exe */;
			productType = "com.apple.product-type.application";
		};
/* End PBXNativeTarget section */

/* Begin PBXProject section */
		08FB7793FE84155DC02AAC07 /* Project object */ = {
			isa = PBXProject;
			buildConfigurationList = 1DEB928908733DD80010E9CD /* Build configuration list for PBXProject "uminimal" */;
			compatibilityVersion = "Xcode 3.2";
			hasScannedForEncodings = 1;
			mainGroup = 55A2E43C4A195B6E98ECFA7C /* uminimal */;
			projectDirPath = "";
			projectRoot = "";
			targets = (
				16EED87BB9DCFF2D4902DEBB /* uminimal.exe */,
			);
		};
/* End PBXProject section */

/* Begin PBXResourcesBuildPhase section */
		D67536C5051B8AB75E5CE505 /* Resources */ = {
			isa = PBXResourcesBuildPhase;
			buildActionMask = 2147483647;
			files = (
			);
			runOnlyForDeploymentPostprocessing = 0;
		};
/* End PBXResourcesBuildPhase section */

/* Begin PBXSourcesBuildPhase section */
		4022501C6EC8A40EC809FE5C /* Sources */ = {
			isa = PBXSourcesBuildPhase;
			buildActionMask = 2147483647;
			files = (
				83FD96AC631AB0DE3F240CEC /* uminimal.cpp in Sources */,
				F28E1163E3857F554F88FFA3 /* sciter-win-main.cpp in Sources */,
			);
			runOnlyForDeploymentPostprocessing = 0;
		};
/* End PBXSourcesBuildPhase section */

/* Begin PBXVariantGroup section */
/* End PBXVariantGroup section */

/* Begin XCBuildConfiguration section */
		40FAF94A708CC83C4B9A078A /* Debug */ = {
			isa = XCBuildConfiguration;
			buildSettings = {
				ALWAYS_SEARCH_USER_PATHS = NO;
				CONFIGURATION_BUILD_DIR = ../bin.win/x32;
				DEBUG_INFORMATION_FORMAT = "dwarf-with-dsym";
				GCC_DYNAMIC_NO_PIC = NO;
				INSTALL_PATH = "\"$(HOME)/Applications\"";
				PRODUCT_NAME = uminimal;
				WRAPPER_EXTENSION = exe;
			};
			name = Debug;
		};
		6D39F1459BE04537F5219F85 /* Release */ = {
			isa = XCBuildConfiguration;
			buildSettings = {
				CLANG_CXX_LANGUAGE_STANDARD = "c++14";
				CONFIGURATION_BUILD_DIR = "$(SYMROOT)";
				CONFIGURATION_TEMP_DIR = "$(OBJROOT)";
				GCC_OPTIMIZATION_LEVEL = s;
				GCC_PREPROCESSOR_DEFINITIONS = (
					"DEVICE=DESKTOP",
					WIN32,
					NDEBUG,
					_CRT_SECURE_NO_WARNINGS,
				);
				GCC_SYMBOLS_PRIVATE_EXTERN = NO;
				GCC_WARN_ABOUT_RETURN_TYPE = YES;
				GCC_WARN_UNUSED_VARIABLE = YES;
				OBJROOT = obj/x32/Release/uminimal;
				ONLY_ACTIVE_ARCH = NO;
				OTHER_LDFLAGS = (
					"-lshell32",
					"-ladvapi32",
					"-lole32",
					"-loleaut32",
					"-lcomdlg32",
				);
				SYMROOT = ../bin.win/x32;
				USER_HEADER_SEARCH_PATHS = (
					../include,
				);
			};
			name = Release;
		};
		B2618EC40DA2E236E0FD2D04 /* Release */ = {
			isa = XCBuildConfiguration;
			buildSettings = {
				ALWAYS_SEARCH_USER_PATHS = NO;
				CONFIGURATION_BUILD_DIR = ../bin.win/x32;
				GCC_DYNAMIC_NO_PIC = NO;
				INSTALL_PATH = "\"$(HOME)/Applications\"";
				PRODUCT_NAME = uminimal;
				WRAPPER_EXTENSION = exe;
			};
			name = Release;
		};
		DEBAD84BEB7787BD6061F68B /* Debug */ = {
			isa = XCBuildConfiguration;
			buildSettings = {
				CLANG_CXX_LANGUAGE_STANDARD = "c++14";
				CONFIGURATION_BUILD_DIR = "$(SYMROOT)";
				CONFIGURATION_TEMP_DIR = "$(OBJROOT)";
				COPY_PHASE_STRIP = NO;
				GCC_ENABLE_FIX_AND_CONTINUE = YES;
				GCC_OPTIMIZATION_LEVEL = 0;
				GCC_PREPROCESSOR_DEFINITIONS = (
					"DEVICE=DESKTOP",
					WIN32,
					DEBUG,
					_DEBUG,
					_CRT_SECURE_NO_WARNINGS,
				);
				GCC_SYMBOLS_PRIVATE_EXTERN = NO;
				GCC_WARN_ABOUT_RETURN_TYPE = YES;
				GCC_WARN_UNUSED_VARIABLE = YES;
				OBJROOT = obj/x32/Debug/uminimal;
				ONLY_ACTIVE_ARCH = YES;
				OTHER_LDFLAGS = (
					"-lshell32",
					"-ladvapi32",
					"-lole32",
					"-loleaut32",
					"-lcomdlg32",
				);
				SYMROOT = ../bin.win/x32;
				USER_HEADER_SEARCH_PATHS = (
					../include,
				);
			};
			name = Debug;
		};
/* End XCBuildConfiguration section */

/* Begin XCConfigurationList section */
		1DEB928908733DD80010E9CD /* Build configuration list for PBXProject "uminimal" */ = {
			isa = XCConfigurationList;
			buildConfigurations = (
				DEBAD84BEB7787BD6061F68B /* Debug */,
				6D39F1459BE04537F5219F85 /* Release */,
			);
			defaultConfigurationIsVisible = 0;
			defaultConfigurationName = Debug;
		};
		54C8FE84836F5276DCB0ACC4 /* Build configuration list for PBXNativeTarget "uminimal.exe" */ = {
			isa = XCConfigurationList;
			buildConfigurations = (
				40FAF94A708CC83C4B9A078A /* Debug */,
				B2618EC40DA2E236E0FD2D04 /* Release */,
			);
			defaultConfigurationIsVisible = 0;
			defaultConfigurationName = Debug;
		};
/* End XCConfigurationList section */
};
rootObject = 08FB7793FE84155DC02AAC07 /* Project object */;
}